// !$*UTF8*$!
{
	archiveVersion = 1;
	classes = {
	};
	objectVersion = 56;
	objects = {

/* Begin PBXBuildFile section */
		AE33B50529B0416300FE17A5 /* Heset_IOSApp.swift in Sources */ = {isa = PBXBuildFile; fileRef = AE33B50429B0416300FE17A5 /* Heset_IOSApp.swift */; };
		AE33B50729B0416300FE17A5 /* ContentView.swift in Sources */ = {isa = PBXBuildFile; fileRef = AE33B50629B0416300FE17A5 /* ContentView.swift */; };
		AE33B50929B0416400FE17A5 /* Assets.xcassets in Resources */ = {isa = PBXBuildFile; fileRef = AE33B50829B0416400FE17A5 /* Assets.xcassets */; };
		AE33B50D29B0416400FE17A5 /* Preview Assets.xcassets in Resources */ = {isa = PBXBuildFile; fileRef = AE33B50C29B0416400FE17A5 /* Preview Assets.xcassets */; };
		AE33B51729B0416400FE17A5 /* Heset_IOSTests.swift in Sources */ = {isa = PBXBuildFile; fileRef = AE33B51629B0416400FE17A5 /* Heset_IOSTests.swift */; };
		AE33B52129B0416400FE17A5 /* Heset_IOSUITests.swift in Sources */ = {isa = PBXBuildFile; fileRef = AE33B52029B0416400FE17A5 /* Heset_IOSUITests.swift */; };
		AE33B52329B0416400FE17A5 /* Heset_IOSUITestsLaunchTests.swift in Sources */ = {isa = PBXBuildFile; fileRef = AE33B52229B0416400FE17A5 /* Heset_IOSUITestsLaunchTests.swift */; };
		AE33B53029B041FD00FE17A5 /* Launch Screen.storyboard in Resources */ = {isa = PBXBuildFile; fileRef = AE33B52F29B041FD00FE17A5 /* Launch Screen.storyboard */; };
/* End PBXBuildFile section */

/* Begin PBXContainerItemProxy section */
		AE33B51329B0416400FE17A5 /* PBXContainerItemProxy */ = {
			isa = PBXContainerItemProxy;
			containerPortal = AE33B4F929B0416300FE17A5 /* Project object */;
			proxyType = 1;
			remoteGlobalIDString = AE33B50029B0416300FE17A5;
			remoteInfo = "Heset-IOS";
		};
		AE33B51D29B0416400FE17A5 /* PBXContainerItemProxy */ = {
			isa = PBXContainerItemProxy;
			containerPortal = AE33B4F929B0416300FE17A5 /* Project object */;
			proxyType = 1;
			remoteGlobalIDString = AE33B50029B0416300FE17A5;
			remoteInfo = "Heset-IOS";
		};
/* End PBXContainerItemProxy section */

/* Begin PBXFileReference section */
		AE33B50129B0416300FE17A5 /* Heset-IOS.app */ = {isa = PBXFileReference; explicitFileType = wrapper.application; includeInIndex = 0; path = "Heset-IOS.app"; sourceTree = BUILT_PRODUCTS_DIR; };
		AE33B50429B0416300FE17A5 /* Heset_IOSApp.swift */ = {isa = PBXFileReference; lastKnownFileType = sourcecode.swift; path = Heset_IOSApp.swift; sourceTree = "<group>"; };
		AE33B50629B0416300FE17A5 /* ContentView.swift */ = {isa = PBXFileReference; lastKnownFileType = sourcecode.swift; path = ContentView.swift; sourceTree = "<group>"; };
		AE33B50829B0416400FE17A5 /* Assets.xcassets */ = {isa = PBXFileReference; lastKnownFileType = folder.assetcatalog; path = Assets.xcassets; sourceTree = "<group>"; };
		AE33B50A29B0416400FE17A5 /* Heset_IOS.entitlements */ = {isa = PBXFileReference; lastKnownFileType = text.plist.entitlements; path = Heset_IOS.entitlements; sourceTree = "<group>"; };
		AE33B50C29B0416400FE17A5 /* Preview Assets.xcassets */ = {isa = PBXFileReference; lastKnownFileType = folder.assetcatalog; path = "Preview Assets.xcassets"; sourceTree = "<group>"; };
		AE33B51229B0416400FE17A5 /* Heset-IOSTests.xctest */ = {isa = PBXFileReference; explicitFileType = wrapper.cfbundle; includeInIndex = 0; path = "Heset-IOSTests.xctest"; sourceTree = BUILT_PRODUCTS_DIR; };
		AE33B51629B0416400FE17A5 /* Heset_IOSTests.swift */ = {isa = PBXFileReference; lastKnownFileType = sourcecode.swift; path = Heset_IOSTests.swift; sourceTree = "<group>"; };
		AE33B51C29B0416400FE17A5 /* Heset-IOSUITests.xctest */ = {isa = PBXFileReference; explicitFileType = wrapper.cfbundle; includeInIndex = 0; path = "Heset-IOSUITests.xctest"; sourceTree = BUILT_PRODUCTS_DIR; };
		AE33B52029B0416400FE17A5 /* Heset_IOSUITests.swift */ = {isa = PBXFileReference; lastKnownFileType = sourcecode.swift; path = Heset_IOSUITests.swift; sourceTree = "<group>"; };
		AE33B52229B0416400FE17A5 /* Heset_IOSUITestsLaunchTests.swift */ = {isa = PBXFileReference; lastKnownFileType = sourcecode.swift; path = Heset_IOSUITestsLaunchTests.swift; sourceTree = "<group>"; };
		AE33B52F29B041FD00FE17A5 /* Launch Screen.storyboard */ = {isa = PBXFileReference; lastKnownFileType = file.storyboard; path = "Launch Screen.storyboard"; sourceTree = "<group>"; };
/* End PBXFileReference section */

/* Begin PBXFrameworksBuildPhase section */
		AE33B4FE29B0416300FE17A5 /* Frameworks */ = {
			isa = PBXFrameworksBuildPhase;
			buildActionMask = 2147483647;
			files = (
			);
			runOnlyForDeploymentPostprocessing = 0;
		};
		AE33B50F29B0416400FE17A5 /* Frameworks */ = {
			isa = PBXFrameworksBuildPhase;
			buildActionMask = 2147483647;
			files = (
			);
			runOnlyForDeploymentPostprocessing = 0;
		};
		AE33B51929B0416400FE17A5 /* Frameworks */ = {
			isa = PBXFrameworksBuildPhase;
			buildActionMask = 2147483647;
			files = (
			);
			runOnlyForDeploymentPostprocessing = 0;
		};
/* End PBXFrameworksBuildPhase section */

/* Begin PBXGroup section */
		AE33B4F829B0416300FE17A5 = {
			isa = PBXGroup;
			children = (
				AE33B50329B0416300FE17A5 /* Heset-IOS */,
				AE33B51529B0416400FE17A5 /* Heset-IOSTests */,
				AE33B51F29B0416400FE17A5 /* Heset-IOSUITests */,
				AE33B50229B0416300FE17A5 /* Products */,
			);
			sourceTree = "<group>";
		};
		AE33B50229B0416300FE17A5 /* Products */ = {
			isa = PBXGroup;
			children = (
				AE33B50129B0416300FE17A5 /* Heset-IOS.app */,
				AE33B51229B0416400FE17A5 /* Heset-IOSTests.xctest */,
				AE33B51C29B0416400FE17A5 /* Heset-IOSUITests.xctest */,
			);
			name = Products;
			sourceTree = "<group>";
		};
		AE33B50329B0416300FE17A5 /* Heset-IOS */ = {
			isa = PBXGroup;
			children = (
				AE33B50429B0416300FE17A5 /* Heset_IOSApp.swift */,
				AE33B50629B0416300FE17A5 /* ContentView.swift */,
				AE33B52F29B041FD00FE17A5 /* Launch Screen.storyboard */,
				AE33B50829B0416400FE17A5 /* Assets.xcassets */,
				AE33B50A29B0416400FE17A5 /* Heset_IOS.entitlements */,
				AE33B50B29B0416400FE17A5 /* Preview Content */,
			);
			path = "Heset-IOS";
			sourceTree = "<group>";
		};
		AE33B50B29B0416400FE17A5 /* Preview Content */ = {
			isa = PBXGroup;
			children = (
				AE33B50C29B0416400FE17A5 /* Preview Assets.xcassets */,
			);
			path = "Preview Content";
			sourceTree = "<group>";
		};
		AE33B51529B0416400FE17A5 /* Heset-IOSTests */ = {
			isa = PBXGroup;
			children = (
				AE33B51629B0416400FE17A5 /* Heset_IOSTests.swift */,
			);
			path = "Heset-IOSTests";
			sourceTree = "<group>";
		};
		AE33B51F29B0416400FE17A5 /* Heset-IOSUITests */ = {
			isa = PBXGroup;
			children = (
				AE33B52029B0416400FE17A5 /* Heset_IOSUITests.swift */,
				AE33B52229B0416400FE17A5 /* Heset_IOSUITestsLaunchTests.swift */,
			);
			path = "Heset-IOSUITests";
			sourceTree = "<group>";
		};
/* End PBXGroup section */

/* Begin PBXNativeTarget section */
		AE33B50029B0416300FE17A5 /* Heset-IOS */ = {
			isa = PBXNativeTarget;
			buildConfigurationList = AE33B52629B0416400FE17A5 /* Build configuration list for PBXNativeTarget "Heset-IOS" */;
			buildPhases = (
				AE33B4FD29B0416300FE17A5 /* Sources */,
				AE33B4FE29B0416300FE17A5 /* Frameworks */,
				AE33B4FF29B0416300FE17A5 /* Resources */,
			);
			buildRules = (
			);
			dependencies = (
			);
			name = "Heset-IOS";
			productName = "Heset-IOS";
			productReference = AE33B50129B0416300FE17A5 /* Heset-IOS.app */;
			productType = "com.apple.product-type.application";
		};
		AE33B51129B0416400FE17A5 /* Heset-IOSTests */ = {
			isa = PBXNativeTarget;
			buildConfigurationList = AE33B52929B0416400FE17A5 /* Build configuration list for PBXNativeTarget "Heset-IOSTests" */;
			buildPhases = (
				AE33B50E29B0416400FE17A5 /* Sources */,
				AE33B50F29B0416400FE17A5 /* Frameworks */,
				AE33B51029B0416400FE17A5 /* Resources */,
			);
			buildRules = (
			);
			dependencies = (
				AE33B51429B0416400FE17A5 /* PBXTargetDependency */,
			);
			name = "Heset-IOSTests";
			productName = "Heset-IOSTests";
			productReference = AE33B51229B0416400FE17A5 /* Heset-IOSTests.xctest */;
			productType = "com.apple.product-type.bundle.unit-test";
		};
		AE33B51B29B0416400FE17A5 /* Heset-IOSUITests */ = {
			isa = PBXNativeTarget;
			buildConfigurationList = AE33B52C29B0416400FE17A5 /* Build configuration list for PBXNativeTarget "Heset-IOSUITests" */;
			buildPhases = (
				AE33B51829B0416400FE17A5 /* Sources */,
				AE33B51929B0416400FE17A5 /* Frameworks */,
				AE33B51A29B0416400FE17A5 /* Resources */,
			);
			buildRules = (
			);
			dependencies = (
				AE33B51E29B0416400FE17A5 /* PBXTargetDependency */,
			);
			name = "Heset-IOSUITests";
			productName = "Heset-IOSUITests";
			productReference = AE33B51C29B0416400FE17A5 /* Heset-IOSUITests.xctest */;
			productType = "com.apple.product-type.bundle.ui-testing";
		};
/* End PBXNativeTarget section */

/* Begin PBXProject section */
		AE33B4F929B0416300FE17A5 /* Project object */ = {
			isa = PBXProject;
			attributes = {
				BuildIndependentTargetsInParallel = 1;
				LastSwiftUpdateCheck = 1420;
				LastUpgradeCheck = 1420;
				TargetAttributes = {
					AE33B50029B0416300FE17A5 = {
						CreatedOnToolsVersion = 14.2;
					};
					AE33B51129B0416400FE17A5 = {
						CreatedOnToolsVersion = 14.2;
						TestTargetID = AE33B50029B0416300FE17A5;
					};
					AE33B51B29B0416400FE17A5 = {
						CreatedOnToolsVersion = 14.2;
						TestTargetID = AE33B50029B0416300FE17A5;
					};
				};
			};
			buildConfigurationList = AE33B4FC29B0416300FE17A5 /* Build configuration list for PBXProject "Heset-IOS" */;
			compatibilityVersion = "Xcode 14.0";
			developmentRegion = en;
			hasScannedForEncodings = 0;
			knownRegions = (
				en,
				Base,
			);
			mainGroup = AE33B4F829B0416300FE17A5;
			productRefGroup = AE33B50229B0416300FE17A5 /* Products */;
			projectDirPath = "";
			projectRoot = "";
			targets = (
				AE33B50029B0416300FE17A5 /* Heset-IOS */,
				AE33B51129B0416400FE17A5 /* Heset-IOSTests */,
				AE33B51B29B0416400FE17A5 /* Heset-IOSUITests */,
			);
		};
/* End PBXProject section */

/* Begin PBXResourcesBuildPhase section */
		AE33B4FF29B0416300FE17A5 /* Resources */ = {
			isa = PBXResourcesBuildPhase;
			buildActionMask = 2147483647;
			files = (
				AE33B53029B041FD00FE17A5 /* Launch Screen.storyboard in Resources */,
				AE33B50D29B0416400FE17A5 /* Preview Assets.xcassets in Resources */,
				AE33B50929B0416400FE17A5 /* Assets.xcassets in Resources */,
			);
			runOnlyForDeploymentPostprocessing = 0;
		};
		AE33B51029B0416400FE17A5 /* Resources */ = {
			isa = PBXResourcesBuildPhase;
			buildActionMask = 2147483647;
			files = (
			);
			runOnlyForDeploymentPostprocessing = 0;
		};
		AE33B51A29B0416400FE17A5 /* Resources */ = {
			isa = PBXResourcesBuildPhase;
			buildActionMask = 2147483647;
			files = (
			);
			runOnlyForDeploymentPostprocessing = 0;
		};
/* End PBXResourcesBuildPhase section */

/* Begin PBXSourcesBuildPhase section */
		AE33B4FD29B0416300FE17A5 /* Sources */ = {
			isa = PBXSourcesBuildPhase;
			buildActionMask = 2147483647;
			files = (
				AE33B50729B0416300FE17A5 /* ContentView.swift in Sources */,
				AE33B50529B0416300FE17A5 /* Heset_IOSApp.swift in Sources */,
			);
			runOnlyForDeploymentPostprocessing = 0;
		};
		AE33B50E29B0416400FE17A5 /* Sources */ = {
			isa = PBXSourcesBuildPhase;
			buildActionMask = 2147483647;
			files = (
				AE33B51729B0416400FE17A5 /* Heset_IOSTests.swift in Sources */,
			);
			runOnlyForDeploymentPostprocessing = 0;
		};
		AE33B51829B0416400FE17A5 /* Sources */ = {
			isa = PBXSourcesBuildPhase;
			buildActionMask = 2147483647;
			files = (
				AE33B52329B0416400FE17A5 /* Heset_IOSUITestsLaunchTests.swift in Sources */,
				AE33B52129B0416400FE17A5 /* Heset_IOSUITests.swift in Sources */,
			);
			runOnlyForDeploymentPostprocessing = 0;
		};
/* End PBXSourcesBuildPhase section */

/* Begin PBXTargetDependency section */
		AE33B51429B0416400FE17A5 /* PBXTargetDependency */ = {
			isa = PBXTargetDependency;
			target = AE33B50029B0416300FE17A5 /* Heset-IOS */;
			targetProxy = AE33B51329B0416400FE17A5 /* PBXContainerItemProxy */;
		};
		AE33B51E29B0416400FE17A5 /* PBXTargetDependency */ = {
			isa = PBXTargetDependency;
			target = AE33B50029B0416300FE17A5 /* Heset-IOS */;
			targetProxy = AE33B51D29B0416400FE17A5 /* PBXContainerItemProxy */;
		};
/* End PBXTargetDependency section */

/* Begin XCBuildConfiguration section */
		AE33B52429B0416400FE17A5 /* Debug */ = {
			isa = XCBuildConfiguration;
			buildSettings = {
				ALWAYS_SEARCH_USER_PATHS = NO;
				CLANG_ANALYZER_NONNULL = YES;
				CLANG_ANALYZER_NUMBER_OBJECT_CONVERSION = YES_AGGRESSIVE;
				CLANG_CXX_LANGUAGE_STANDARD = "gnu++20";
				CLANG_ENABLE_MODULES = YES;
				CLANG_ENABLE_OBJC_ARC = YES;
				CLANG_ENABLE_OBJC_WEAK = YES;
				CLANG_WARN_BLOCK_CAPTURE_AUTORELEASING = YES;
				CLANG_WARN_BOOL_CONVERSION = YES;
				CLANG_WARN_COMMA = YES;
				CLANG_WARN_CONSTANT_CONVERSION = YES;
				CLANG_WARN_DEPRECATED_OBJC_IMPLEMENTATIONS = YES;
				CLANG_WARN_DIRECT_OBJC_ISA_USAGE = YES_ERROR;
				CLANG_WARN_DOCUMENTATION_COMMENTS = YES;
				CLANG_WARN_EMPTY_BODY = YES;
				CLANG_WARN_ENUM_CONVERSION = YES;
				CLANG_WARN_INFINITE_RECURSION = YES;
				CLANG_WARN_INT_CONVERSION = YES;
				CLANG_WARN_NON_LITERAL_NULL_CONVERSION = YES;
				CLANG_WARN_OBJC_IMPLICIT_RETAIN_SELF = YES;
				CLANG_WARN_OBJC_LITERAL_CONVERSION = YES;
				CLANG_WARN_OBJC_ROOT_CLASS = YES_ERROR;
				CLANG_WARN_QUOTED_INCLUDE_IN_FRAMEWORK_HEADER = YES;
				CLANG_WARN_RANGE_LOOP_ANALYSIS = YES;
				CLANG_WARN_STRICT_PROTOTYPES = YES;
				CLANG_WARN_SUSPICIOUS_MOVE = YES;
				CLANG_WARN_UNGUARDED_AVAILABILITY = YES_AGGRESSIVE;
				CLANG_WARN_UNREACHABLE_CODE = YES;
				CLANG_WARN__DUPLICATE_METHOD_MATCH = YES;
				COPY_PHASE_STRIP = NO;
				DEBUG_INFORMATION_FORMAT = dwarf;
				ENABLE_STRICT_OBJC_MSGSEND = YES;
				ENABLE_TESTABILITY = YES;
				GCC_C_LANGUAGE_STANDARD = gnu11;
				GCC_DYNAMIC_NO_PIC = NO;
				GCC_NO_COMMON_BLOCKS = YES;
				GCC_OPTIMIZATION_LEVEL = 0;
				GCC_PREPROCESSOR_DEFINITIONS = (
					"DEBUG=1",
					"$(inherited)",
				);
				GCC_WARN_64_TO_32_BIT_CONVERSION = YES;
				GCC_WARN_ABOUT_RETURN_TYPE = YES_ERROR;
				GCC_WARN_UNDECLARED_SELECTOR = YES;
				GCC_WARN_UNINITIALIZED_AUTOS = YES_AGGRESSIVE;
				GCC_WARN_UNUSED_FUNCTION = YES;
				GCC_WARN_UNUSED_VARIABLE = YES;
				MTL_ENABLE_DEBUG_INFO = INCLUDE_SOURCE;
				MTL_FAST_MATH = YES;
				ONLY_ACTIVE_ARCH = YES;
				SWIFT_ACTIVE_COMPILATION_CONDITIONS = DEBUG;
				SWIFT_OPTIMIZATION_LEVEL = "-Onone";
			};
			name = Debug;
		};
		AE33B52529B0416400FE17A5 /* Release */ = {
			isa = XCBuildConfiguration;
			buildSettings = {
				ALWAYS_SEARCH_USER_PATHS = NO;
				CLANG_ANALYZER_NONNULL = YES;
				CLANG_ANALYZER_NUMBER_OBJECT_CONVERSION = YES_AGGRESSIVE;
				CLANG_CXX_LANGUAGE_STANDARD = "gnu++20";
				CLANG_ENABLE_MODULES = YES;
				CLANG_ENABLE_OBJC_ARC = YES;
				CLANG_ENABLE_OBJC_WEAK = YES;
				CLANG_WARN_BLOCK_CAPTURE_AUTORELEASING = YES;
				CLANG_WARN_BOOL_CONVERSION = YES;
				CLANG_WARN_COMMA = YES;
				CLANG_WARN_CONSTANT_CONVERSION = YES;
				CLANG_WARN_DEPRECATED_OBJC_IMPLEMENTATIONS = YES;
				CLANG_WARN_DIRECT_OBJC_ISA_USAGE = YES_ERROR;
				CLANG_WARN_DOCUMENTATION_COMMENTS = YES;
				CLANG_WARN_EMPTY_BODY = YES;
				CLANG_WARN_ENUM_CONVERSION = YES;
				CLANG_WARN_INFINITE_RECURSION = YES;
				CLANG_WARN_INT_CONVERSION = YES;
				CLANG_WARN_NON_LITERAL_NULL_CONVERSION = YES;
				CLANG_WARN_OBJC_IMPLICIT_RETAIN_SELF = YES;
				CLANG_WARN_OBJC_LITERAL_CONVERSION = YES;
				CLANG_WARN_OBJC_ROOT_CLASS = YES_ERROR;
				CLANG_WARN_QUOTED_INCLUDE_IN_FRAMEWORK_HEADER = YES;
				CLANG_WARN_RANGE_LOOP_ANALYSIS = YES;
				CLANG_WARN_STRICT_PROTOTYPES = YES;
				CLANG_WARN_SUSPICIOUS_MOVE = YES;
				CLANG_WARN_UNGUARDED_AVAILABILITY = YES_AGGRESSIVE;
				CLANG_WARN_UNREACHABLE_CODE = YES;
				CLANG_WARN__DUPLICATE_METHOD_MATCH = YES;
				COPY_PHASE_STRIP = NO;
				DEBUG_INFORMATION_FORMAT = "dwarf-with-dsym";
				ENABLE_NS_ASSERTIONS = NO;
				ENABLE_STRICT_OBJC_MSGSEND = YES;
				GCC_C_LANGUAGE_STANDARD = gnu11;
				GCC_NO_COMMON_BLOCKS = YES;
				GCC_WARN_64_TO_32_BIT_CONVERSION = YES;
				GCC_WARN_ABOUT_RETURN_TYPE = YES_ERROR;
				GCC_WARN_UNDECLARED_SELECTOR = YES;
				GCC_WARN_UNINITIALIZED_AUTOS = YES_AGGRESSIVE;
				GCC_WARN_UNUSED_FUNCTION = YES;
				GCC_WARN_UNUSED_VARIABLE = YES;
				MTL_ENABLE_DEBUG_INFO = NO;
				MTL_FAST_MATH = YES;
				SWIFT_COMPILATION_MODE = wholemodule;
				SWIFT_OPTIMIZATION_LEVEL = "-O";
			};
			name = Release;
		};
		AE33B52729B0416400FE17A5 /* Debug */ = {
			isa = XCBuildConfiguration;
			buildSettings = {
				ASSETCATALOG_COMPILER_APPICON_NAME = AppIcon;
				ASSETCATALOG_COMPILER_GLOBAL_ACCENT_COLOR_NAME = AccentColor;
				CODE_SIGN_ENTITLEMENTS = "Heset-IOS/Heset_IOS.entitlements";
				CODE_SIGN_STYLE = Automatic;
				CURRENT_PROJECT_VERSION = 1;
				DEVELOPMENT_ASSET_PATHS = "\"Heset-IOS/Preview Content\"";
				ENABLE_PREVIEWS = YES;
				GENERATE_INFOPLIST_FILE = YES;
				"INFOPLIST_KEY_UIApplicationSceneManifest_Generation[sdk=iphoneos*]" = YES;
				"INFOPLIST_KEY_UIApplicationSceneManifest_Generation[sdk=iphonesimulator*]" = YES;
				"INFOPLIST_KEY_UIApplicationSupportsIndirectInputEvents[sdk=iphoneos*]" = YES;
				"INFOPLIST_KEY_UIApplicationSupportsIndirectInputEvents[sdk=iphonesimulator*]" = YES;
				"INFOPLIST_KEY_UILaunchScreen_Generation[sdk=iphoneos*]" = YES;
				"INFOPLIST_KEY_UILaunchScreen_Generation[sdk=iphonesimulator*]" = YES;
				"INFOPLIST_KEY_UIStatusBarStyle[sdk=iphoneos*]" = UIStatusBarStyleDefault;
				"INFOPLIST_KEY_UIStatusBarStyle[sdk=iphonesimulator*]" = UIStatusBarStyleDefault;
				INFOPLIST_KEY_UISupportedInterfaceOrientations_iPad = "UIInterfaceOrientationPortrait UIInterfaceOrientationPortraitUpsideDown UIInterfaceOrientationLandscapeLeft UIInterfaceOrientationLandscapeRight";
				INFOPLIST_KEY_UISupportedInterfaceOrientations_iPhone = "UIInterfaceOrientationPortrait UIInterfaceOrientationLandscapeLeft UIInterfaceOrientationLandscapeRight";
				IPHONEOS_DEPLOYMENT_TARGET = 16.2;
				LD_RUNPATH_SEARCH_PATHS = "@executable_path/Frameworks";
				"LD_RUNPATH_SEARCH_PATHS[sdk=macosx*]" = "@executable_path/../Frameworks";
				MACOSX_DEPLOYMENT_TARGET = 13.1;
				MARKETING_VERSION = 1.0;
				PRODUCT_BUNDLE_IDENTIFIER = "dynatheia.Heset-IOS";
				PRODUCT_NAME = "$(TARGET_NAME)";
				SDKROOT = auto;
				SUPPORTED_PLATFORMS = "iphoneos iphonesimulator macosx";
				SWIFT_EMIT_LOC_STRINGS = YES;
				SWIFT_VERSION = 5.0;
				TARGETED_DEVICE_FAMILY = "1,2";
			};
			name = Debug;
		};
		AE33B52829B0416400FE17A5 /* Release */ = {
			isa = XCBuildConfiguration;
			buildSettings = {
				ASSETCATALOG_COMPILER_APPICON_NAME = AppIcon;
				ASSETCATALOG_COMPILER_GLOBAL_ACCENT_COLOR_NAME = AccentColor;
				CODE_SIGN_ENTITLEMENTS = "Heset-IOS/Heset_IOS.entitlements";
				CODE_SIGN_STYLE = Automatic;
				CURRENT_PROJECT_VERSION = 1;
				DEVELOPMENT_ASSET_PATHS = "\"Heset-IOS/Preview Content\"";
				ENABLE_PREVIEWS = YES;
				GENERATE_INFOPLIST_FILE = YES;
				"INFOPLIST_KEY_UIApplicationSceneManifest_Generation[sdk=iphoneos*]" = YES;
				"INFOPLIST_KEY_UIApplicationSceneManifest_Generation[sdk=iphonesimulator*]" = YES;
				"INFOPLIST_KEY_UIApplicationSupportsIndirectInputEvents[sdk=iphoneos*]" = YES;
				"INFOPLIST_KEY_UIApplicationSupportsIndirectInputEvents[sdk=iphonesimulator*]" = YES;
				"INFOPLIST_KEY_UILaunchScreen_Generation[sdk=iphoneos*]" = YES;
				"INFOPLIST_KEY_UILaunchScreen_Generation[sdk=iphonesimulator*]" = YES;
				"INFOPLIST_KEY_UIStatusBarStyle[sdk=iphoneos*]" = UIStatusBarStyleDefault;
				"INFOPLIST_KEY_UIStatusBarStyle[sdk=iphonesimulator*]" = UIStatusBarStyleDefault;
				INFOPLIST_KEY_UISupportedInterfaceOrientations_iPad = "UIInterfaceOrientationPortrait UIInterfaceOrientationPortraitUpsideDown UIInterfaceOrientationLandscapeLeft UIInterfaceOrientationLandscapeRight";
				INFOPLIST_KEY_UISupportedInterfaceOrientations_iPhone = "UIInterfaceOrientationPortrait UIInterfaceOrientationLandscapeLeft UIInterfaceOrientationLandscapeRight";
				IPHONEOS_DEPLOYMENT_TARGET = 16.2;
				LD_RUNPATH_SEARCH_PATHS = "@executable_path/Frameworks";
				"LD_RUNPATH_SEARCH_PATHS[sdk=macosx*]" = "@executable_path/../Frameworks";
				MACOSX_DEPLOYMENT_TARGET = 13.1;
				MARKETING_VERSION = 1.0;
				PRODUCT_BUNDLE_IDENTIFIER = "dynatheia.Heset-IOS";
				PRODUCT_NAME = "$(TARGET_NAME)";
				SDKROOT = auto;
				SUPPORTED_PLATFORMS = "iphoneos iphonesimulator macosx";
				SWIFT_EMIT_LOC_STRINGS = YES;
				SWIFT_VERSION = 5.0;
				TARGETED_DEVICE_FAMILY = "1,2";
			};
			name = Release;
		};
		AE33B52A29B0416400FE17A5 /* Debug */ = {
			isa = XCBuildConfiguration;
			buildSettings = {
				ALWAYS_EMBED_SWIFT_STANDARD_LIBRARIES = YES;
				BUNDLE_LOADER = "$(TEST_HOST)";
				CODE_SIGN_STYLE = Automatic;
				CURRENT_PROJECT_VERSION = 1;
				GENERATE_INFOPLIST_FILE = YES;
				IPHONEOS_DEPLOYMENT_TARGET = 16.2;
				MACOSX_DEPLOYMENT_TARGET = 13.1;
				MARKETING_VERSION = 1.0;
				PRODUCT_BUNDLE_IDENTIFIER = "dynatheia.Heset-IOSTests";
				PRODUCT_NAME = "$(TARGET_NAME)";
				SDKROOT = auto;
				SUPPORTED_PLATFORMS = "iphoneos iphonesimulator macosx";
				SWIFT_EMIT_LOC_STRINGS = NO;
				SWIFT_VERSION = 5.0;
				TARGETED_DEVICE_FAMILY = "1,2";
				TEST_HOST = "$(BUILT_PRODUCTS_DIR)/Heset-IOS.app/$(BUNDLE_EXECUTABLE_FOLDER_PATH)/Heset-IOS";
			};
			name = Debug;
		};
		AE33B52B29B0416400FE17A5 /* Release */ = {
			isa = XCBuildConfiguration;
			buildSettings = {
				ALWAYS_EMBED_SWIFT_STANDARD_LIBRARIES = YES;
				BUNDLE_LOADER = "$(TEST_HOST)";
				CODE_SIGN_STYLE = Automatic;
				CURRENT_PROJECT_VERSION = 1;
				GENERATE_INFOPLIST_FILE = YES;
				IPHONEOS_DEPLOYMENT_TARGET = 16.2;
				MACOSX_DEPLOYMENT_TARGET = 13.1;
				MARKETING_VERSION = 1.0;
				PRODUCT_BUNDLE_IDENTIFIER = "dynatheia.Heset-IOSTests";
				PRODUCT_NAME = "$(TARGET_NAME)";
				SDKROOT = auto;
				SUPPORTED_PLATFORMS = "iphoneos iphonesimulator macosx";
				SWIFT_EMIT_LOC_STRINGS = NO;
				SWIFT_VERSION = 5.0;
				TARGETED_DEVICE_FAMILY = "1,2";
				TEST_HOST = "$(BUILT_PRODUCTS_DIR)/Heset-IOS.app/$(BUNDLE_EXECUTABLE_FOLDER_PATH)/Heset-IOS";
			};
			name = Release;
		};
		AE33B52D29B0416400FE17A5 /* Debug */ = {
			isa = XCBuildConfiguration;
			buildSettings = {
				ALWAYS_EMBED_SWIFT_STANDARD_LIBRARIES = YES;
				CODE_SIGN_STYLE = Automatic;
				CURRENT_PROJECT_VERSION = 1;
				GENERATE_INFOPLIST_FILE = YES;
				IPHONEOS_DEPLOYMENT_TARGET = 16.2;
				MACOSX_DEPLOYMENT_TARGET = 13.1;
				MARKETING_VERSION = 1.0;
				PRODUCT_BUNDLE_IDENTIFIER = "dynatheia.Heset-IOSUITests";
				PRODUCT_NAME = "$(TARGET_NAME)";
				SDKROOT = auto;
				SUPPORTED_PLATFORMS = "iphoneos iphonesimulator macosx";
				SWIFT_EMIT_LOC_STRINGS = NO;
				SWIFT_VERSION = 5.0;
				TARGETED_DEVICE_FAMILY = "1,2";
				TEST_TARGET_NAME = "Heset-IOS";
			};
			name = Debug;
		};
		AE33B52E29B0416400FE17A5 /* Release */ = {
			isa = XCBuildConfiguration;
			buildSettings = {
				ALWAYS_EMBED_SWIFT_STANDARD_LIBRARIES = YES;
				CODE_SIGN_STYLE = Automatic;
				CURRENT_PROJECT_VERSION = 1;
				GENERATE_INFOPLIST_FILE = YES;
				IPHONEOS_DEPLOYMENT_TARGET = 16.2;
				MACOSX_DEPLOYMENT_TARGET = 13.1;
				MARKETING_VERSION = 1.0;
				PRODUCT_BUNDLE_IDENTIFIER = "dynatheia.Heset-IOSUITests";
				PRODUCT_NAME = "$(TARGET_NAME)";
				SDKROOT = auto;
				SUPPORTED_PLATFORMS = "iphoneos iphonesimulator macosx";
				SWIFT_EMIT_LOC_STRINGS = NO;
				SWIFT_VERSION = 5.0;
				TARGETED_DEVICE_FAMILY = "1,2";
				TEST_TARGET_NAME = "Heset-IOS";
			};
			name = Release;
		};
/* End XCBuildConfiguration section */

/* Begin XCConfigurationList section */
		AE33B4FC29B0416300FE17A5 /* Build configuration list for PBXProject "Heset-IOS" */ = {
			isa = XCConfigurationList;
			buildConfigurations = (
				AE33B52429B0416400FE17A5 /* Debug */,
				AE33B52529B0416400FE17A5 /* Release */,
			);
			defaultConfigurationIsVisible = 0;
			defaultConfigurationName = Release;
		};
		AE33B52629B0416400FE17A5 /* Build configuration list for PBXNativeTarget "Heset-IOS" */ = {
			isa = XCConfigurationList;
			buildConfigurations = (
				AE33B52729B0416400FE17A5 /* Debug */,
				AE33B52829B0416400FE17A5 /* Release */,
			);
			defaultConfigurationIsVisible = 0;
			defaultConfigurationName = Release;
		};
		AE33B52929B0416400FE17A5 /* Build configuration list for PBXNativeTarget "Heset-IOSTests" */ = {
			isa = XCConfigurationList;
			buildConfigurations = (
				AE33B52A29B0416400FE17A5 /* Debug */,
				AE33B52B29B0416400FE17A5 /* Release */,
			);
			defaultConfigurationIsVisible = 0;
			defaultConfigurationName = Release;
		};
		AE33B52C29B0416400FE17A5 /* Build configuration list for PBXNativeTarget "Heset-IOSUITests" */ = {
			isa = XCConfigurationList;
			buildConfigurations = (
				AE33B52D29B0416400FE17A5 /* Debug */,
				AE33B52E29B0416400FE17A5 /* Release */,
			);
			defaultConfigurationIsVisible = 0;
			defaultConfigurationName = Release;
		};
/* End XCConfigurationList section */
	};
	rootObject = AE33B4F929B0416300FE17A5 /* Project object */;
}
